
Microsoft Visual Studio Solution File, Format Version 12.00
# Visual Studio Version 17
VisualStudioVersion = 17.14.36203.30 d17.14
MinimumVisualStudioVersion = 10.0.40219.1
Project("{FAE04EC0-301F-11D3-BF4B-00C04F79EFBC}") = "Ch7BindingSimpleValuesUsingAttributes", "Ch7BindingSimpleValuesUsingAttributes\Ch7BindingSimpleValuesUsingAttributes.csproj", "{7EF40714-9946-4418-A4C4-D258154B323B}"
EndProject
Global
	GlobalSection(SolutionConfigurationPlatforms) = preSolution
		Debug|Any CPU = Debug|Any CPU
		Release|Any CPU = Release|Any CPU
	EndGlobalSection
	GlobalSection(ProjectConfigurationPlatforms) = postSolution
		{7EF40714-9946-4418-A4C4-D258154B323B}.Debug|Any CPU.ActiveCfg = Debug|Any CPU
		{7EF40714-9946-4418-A4C4-D258154B323B}.Debug|Any CPU.Build.0 = Debug|Any CPU
		{7EF40714-9946-4418-A4C4-D258154B323B}.Release|Any CPU.ActiveCfg = Release|Any CPU
		{7EF40714-9946-4418-A4C4-D258154B323B}.Release|Any CPU.Build.0 = Release|Any CPU
	EndGlobalSection
	GlobalSection(SolutionProperties) = preSolution
		HideSolutionNode = FALSE
	EndGlobalSection
	GlobalSection(ExtensibilityGlobals) = postSolution
		SolutionGuid = {1DA3CC95-9876-4699-ABA2-C852269D3710}
	EndGlobalSection
EndGlobal
