
Microsoft Visual Studio Solution File, Format Version 12.00
# Visual Studio Version 17
VisualStudioVersion = 17.14.36429.23 d17.14
MinimumVisualStudioVersion = 10.0.40219.1
Project("{FAE04EC0-301F-11D3-BF4B-00C04F79EFBC}") = "Ch7OptionalEndpointParameters", "Ch7OptionalEndpointParameters\Ch7OptionalEndpointParameters.csproj", "{9E3C5727-9630-4404-9AA3-F8CAE7A4D4CB}"
EndProject
Global
	GlobalSection(SolutionConfigurationPlatforms) = preSolution
		Debug|Any CPU = Debug|Any CPU
		Release|Any CPU = Release|Any CPU
	EndGlobalSection
	GlobalSection(ProjectConfigurationPlatforms) = postSolution
		{9E3C5727-9630-4404-9AA3-F8CAE7A4D4CB}.Debug|Any CPU.ActiveCfg = Debug|Any CPU
		{9E3C5727-9630-4404-9AA3-F8CAE7A4D4CB}.Debug|Any CPU.Build.0 = Debug|Any CPU
		{9E3C5727-9630-4404-9AA3-F8CAE7A4D4CB}.Release|Any CPU.ActiveCfg = Release|Any CPU
		{9E3C5727-9630-4404-9AA3-F8CAE7A4D4CB}.Release|Any CPU.Build.0 = Release|Any CPU
	EndGlobalSection
	GlobalSection(SolutionProperties) = preSolution
		HideSolutionNode = FALSE
	EndGlobalSection
	GlobalSection(ExtensibilityGlobals) = postSolution
		SolutionGuid = {C685BE34-C463-4BA9-8B05-1386304B3796}
	EndGlobalSection
EndGlobal
