
Microsoft Visual Studio Solution File, Format Version 12.00
# Visual Studio Version 17
VisualStudioVersion = 17.14.36705.20 d17.14
MinimumVisualStudioVersion = 10.0.40219.1
Project("{FAE04EC0-301F-11D3-BF4B-00C04F79EFBC}") = "Ch8SendingAnEmailWithDI", "Ch8SendingAnEmailWithDI\Ch8SendingAnEmailWithDI.csproj", "{893429FE-F3AA-410C-B2A4-5D44F8839AFE}"
EndProject
Global
	GlobalSection(SolutionConfigurationPlatforms) = preSolution
		Debug|Any CPU = Debug|Any CPU
		Release|Any CPU = Release|Any CPU
	EndGlobalSection
	GlobalSection(ProjectConfigurationPlatforms) = postSolution
		{893429FE-F3AA-410C-B2A4-5D44F8839AFE}.Debug|Any CPU.ActiveCfg = Debug|Any CPU
		{893429FE-F3AA-410C-B2A4-5D44F8839AFE}.Debug|Any CPU.Build.0 = Debug|Any CPU
		{893429FE-F3AA-410C-B2A4-5D44F8839AFE}.Release|Any CPU.ActiveCfg = Release|Any CPU
		{893429FE-F3AA-410C-B2A4-5D44F8839AFE}.Release|Any CPU.Build.0 = Release|Any CPU
	EndGlobalSection
	GlobalSection(SolutionProperties) = preSolution
		HideSolutionNode = FALSE
	EndGlobalSection
	GlobalSection(ExtensibilityGlobals) = postSolution
		SolutionGuid = {E93C6467-0D98-4EDF-993D-9409453DC631}
	EndGlobalSection
EndGlobal
