
Microsoft Visual Studio Solution File, Format Version 12.00
# Visual Studio Version 17
VisualStudioVersion = 17.13.35931.197 d17.13
MinimumVisualStudioVersion = 10.0.40219.1
Project("{FAE04EC0-301F-11D3-BF4B-00C04F79EFBC}") = "Ch5CrudApiWithRouteHandlerFunctions", "Ch5CrudApiWithRouteHandlerFunctions\Ch5CrudApiWithRouteHandlerFunctions.csproj", "{83CB589D-6504-4703-987B-656D3DFD8A14}"
EndProject
Global
	GlobalSection(SolutionConfigurationPlatforms) = preSolution
		Debug|Any CPU = Debug|Any CPU
		Release|Any CPU = Release|Any CPU
	EndGlobalSection
	GlobalSection(ProjectConfigurationPlatforms) = postSolution
		{83CB589D-6504-4703-987B-656D3DFD8A14}.Debug|Any CPU.ActiveCfg = Debug|Any CPU
		{83CB589D-6504-4703-987B-656D3DFD8A14}.Debug|Any CPU.Build.0 = Debug|Any CPU
		{83CB589D-6504-4703-987B-656D3DFD8A14}.Release|Any CPU.ActiveCfg = Release|Any CPU
		{83CB589D-6504-4703-987B-656D3DFD8A14}.Release|Any CPU.Build.0 = Release|Any CPU
	EndGlobalSection
	GlobalSection(SolutionProperties) = preSolution
		HideSolutionNode = FALSE
	EndGlobalSection
	GlobalSection(ExtensibilityGlobals) = postSolution
		SolutionGuid = {22304099-8311-4E2E-92D4-35D9068B216C}
	EndGlobalSection
EndGlobal
