
Microsoft Visual Studio Solution File, Format Version 12.00
# Visual Studio Version 17
VisualStudioVersion = 17.14.36623.8 d17.14
MinimumVisualStudioVersion = 10.0.40219.1
Project("{FAE04EC0-301F-11D3-BF4B-00C04F79EFBC}") = "Ch7SimplifyingHandlersUsingAsParameters", "Ch7SimplifyingHandlersUsingAsParameters\Ch7SimplifyingHandlersUsingAsParameters.csproj", "{E02328C5-1940-468F-9E82-15B653210C54}"
EndProject
Global
	GlobalSection(SolutionConfigurationPlatforms) = preSolution
		Debug|Any CPU = Debug|Any CPU
		Release|Any CPU = Release|Any CPU
	EndGlobalSection
	GlobalSection(ProjectConfigurationPlatforms) = postSolution
		{E02328C5-1940-468F-9E82-15B653210C54}.Debug|Any CPU.ActiveCfg = Debug|Any CPU
		{E02328C5-1940-468F-9E82-15B653210C54}.Debug|Any CPU.Build.0 = Debug|Any CPU
		{E02328C5-1940-468F-9E82-15B653210C54}.Release|Any CPU.ActiveCfg = Release|Any CPU
		{E02328C5-1940-468F-9E82-15B653210C54}.Release|Any CPU.Build.0 = Release|Any CPU
	EndGlobalSection
	GlobalSection(SolutionProperties) = preSolution
		HideSolutionNode = FALSE
	EndGlobalSection
	GlobalSection(ExtensibilityGlobals) = postSolution
		SolutionGuid = {A4D232BC-CCEC-4546-97D7-7520462E2256}
	EndGlobalSection
EndGlobal
